// !$*UTF8*$!
{
	archiveVersion = 1;
	classes = {
	};
	objectVersion = 46;
	objects = {

/* Begin PBXBuildFile section */
		0B2C61DCA177354CB7C9FBF5 /* Pods_MovieGalleryTests.framework in Frameworks */ = {isa = PBXBuildFile; fileRef = 92B5ED0A9F1839C9D8F9AE84 /* Pods_MovieGalleryTests.framework */; };
		2E1B1DC91F88D991005CD60D /* Main.storyboard in Resources */ = {isa = PBXBuildFile; fileRef = 2E1B1DC71F88D991005CD60D /* Main.storyboard */; };
		2E1B1DCB1F88D991005CD60D /* Assets.xcassets in Resources */ = {isa = PBXBuildFile; fileRef = 2E1B1DCA1F88D991005CD60D /* Assets.xcassets */; };
		2E1B1DCE1F88D991005CD60D /* LaunchScreen.storyboard in Resources */ = {isa = PBXBuildFile; fileRef = 2E1B1DCC1F88D991005CD60D /* LaunchScreen.storyboard */; };
		2E1B1DD91F88D991005CD60D /* MovieGalleryTests.swift in Sources */ = {isa = PBXBuildFile; fileRef = 2E1B1DD81F88D991005CD60D /* MovieGalleryTests.swift */; };
		2E1B1DE41F88D991005CD60D /* MovieGalleryUITests.swift in Sources */ = {isa = PBXBuildFile; fileRef = 2E1B1DE31F88D991005CD60D /* MovieGalleryUITests.swift */; };
		2EACB0821F88E10400CDA32A /* MovieListViewController.swift in Sources */ = {isa = PBXBuildFile; fileRef = 2EACB0811F88E10400CDA32A /* MovieListViewController.swift */; };
		2EACB0841F88E10E00CDA32A /* AppDelegate.swift in Sources */ = {isa = PBXBuildFile; fileRef = 2EACB0831F88E10E00CDA32A /* AppDelegate.swift */; };
		56B1BD6FD27A29336235CCB0 /* Pods_MovieGalleryUITests.framework in Frameworks */ = {isa = PBXBuildFile; fileRef = 98640815C66F362B1C0FFC7A /* Pods_MovieGalleryUITests.framework */; };
		FA05AAE6A6FA4B8087721FBB /* Pods_MovieGallery.framework in Frameworks */ = {isa = PBXBuildFile; fileRef = 7AD4A46977F3209B57835DD0 /* Pods_MovieGallery.framework */; };
/* End PBXBuildFile section */

/* Begin PBXContainerItemProxy section */
		2E1B1DD51F88D991005CD60D /* PBXContainerItemProxy */ = {
			isa = PBXContainerItemProxy;
			containerPortal = 2E1B1DB81F88D991005CD60D /* Project object */;
			proxyType = 1;
			remoteGlobalIDString = 2E1B1DBF1F88D991005CD60D;
			remoteInfo = MovieGallery;
		};
		2E1B1DE01F88D991005CD60D /* PBXContainerItemProxy */ = {
			isa = PBXContainerItemProxy;
			containerPortal = 2E1B1DB81F88D991005CD60D /* Project object */;
			proxyType = 1;
			remoteGlobalIDString = 2E1B1DBF1F88D991005CD60D;
			remoteInfo = MovieGallery;
		};
/* End PBXContainerItemProxy section */

/* Begin PBXFileReference section */
		0CD3C08117ED0131A203189C /* Pods-MovieGalleryUITests.release.xcconfig */ = {isa = PBXFileReference; includeInIndex = 1; lastKnownFileType = text.xcconfig; name = "Pods-MovieGalleryUITests.release.xcconfig"; path = "Pods/Target Support Files/Pods-MovieGalleryUITests/Pods-MovieGalleryUITests.release.xcconfig"; sourceTree = "<group>"; };
		0E9EA89C08BAA0AC877D51ED /* Pods-MovieGallery.release.xcconfig */ = {isa = PBXFileReference; includeInIndex = 1; lastKnownFileType = text.xcconfig; name = "Pods-MovieGallery.release.xcconfig"; path = "Pods/Target Support Files/Pods-MovieGallery/Pods-MovieGallery.release.xcconfig"; sourceTree = "<group>"; };
		2E1B1DC01F88D991005CD60D /* MovieGallery.app */ = {isa = PBXFileReference; explicitFileType = wrapper.application; includeInIndex = 0; path = MovieGallery.app; sourceTree = BUILT_PRODUCTS_DIR; };
		2E1B1DC81F88D991005CD60D /* Base */ = {isa = PBXFileReference; lastKnownFileType = file.storyboard; name = Base; path = Base.lproj/Main.storyboard; sourceTree = "<group>"; };
		2E1B1DCA1F88D991005CD60D /* Assets.xcassets */ = {isa = PBXFileReference; lastKnownFileType = folder.assetcatalog; path = Assets.xcassets; sourceTree = "<group>"; };
		2E1B1DCD1F88D991005CD60D /* Base */ = {isa = PBXFileReference; lastKnownFileType = file.storyboard; name = Base; path = Base.lproj/LaunchScreen.storyboard; sourceTree = "<group>"; };
		2E1B1DCF1F88D991005CD60D /* Info.plist */ = {isa = PBXFileReference; lastKnownFileType = text.plist.xml; path = Info.plist; sourceTree = "<group>"; };
		2E1B1DD41F88D991005CD60D /* MovieGalleryTests.xctest */ = {isa = PBXFileReference; explicitFileType = wrapper.cfbundle; includeInIndex = 0; path = MovieGalleryTests.xctest; sourceTree = BUILT_PRODUCTS_DIR; };
		2E1B1DD81F88D991005CD60D /* MovieGalleryTests.swift */ = {isa = PBXFileReference; lastKnownFileType = sourcecode.swift; path = MovieGalleryTests.swift; sourceTree = "<group>"; };
		2E1B1DDA1F88D991005CD60D /* Info.plist */ = {isa = PBXFileReference; lastKnownFileType = text.plist.xml; path = Info.plist; sourceTree = "<group>"; };
		2E1B1DDF1F88D991005CD60D /* MovieGalleryUITests.xctest */ = {isa = PBXFileReference; explicitFileType = wrapper.cfbundle; includeInIndex = 0; path = MovieGalleryUITests.xctest; sourceTree = BUILT_PRODUCTS_DIR; };
		2E1B1DE31F88D991005CD60D /* MovieGalleryUITests.swift */ = {isa = PBXFileReference; lastKnownFileType = sourcecode.swift; path = MovieGalleryUITests.swift; sourceTree = "<group>"; };
		2E1B1DE51F88D991005CD60D /* Info.plist */ = {isa = PBXFileReference; lastKnownFileType = text.plist.xml; path = Info.plist; sourceTree = "<group>"; };
		2EACB0811F88E10400CDA32A /* MovieListViewController.swift */ = {isa = PBXFileReference; fileEncoding = 4; lastKnownFileType = sourcecode.swift; path = MovieListViewController.swift; sourceTree = "<group>"; };
		2EACB0831F88E10E00CDA32A /* AppDelegate.swift */ = {isa = PBXFileReference; fileEncoding = 4; lastKnownFileType = sourcecode.swift; path = AppDelegate.swift; sourceTree = "<group>"; };
		54B7A98AD484B35EB922D99F /* Pods-MovieGalleryTests.release.xcconfig */ = {isa = PBXFileReference; includeInIndex = 1; lastKnownFileType = text.xcconfig; name = "Pods-MovieGalleryTests.release.xcconfig"; path = "Pods/Target Support Files/Pods-MovieGalleryTests/Pods-MovieGalleryTests.release.xcconfig"; sourceTree = "<group>"; };
		5E3FD6F45169B681278F12B6 /* Pods-MovieGalleryTests.debug.xcconfig */ = {isa = PBXFileReference; includeInIndex = 1; lastKnownFileType = text.xcconfig; name = "Pods-MovieGalleryTests.debug.xcconfig"; path = "Pods/Target Support Files/Pods-MovieGalleryTests/Pods-MovieGalleryTests.debug.xcconfig"; sourceTree = "<group>"; };
		7AD4A46977F3209B57835DD0 /* Pods_MovieGallery.framework */ = {isa = PBXFileReference; explicitFileType = wrapper.framework; includeInIndex = 0; path = Pods_MovieGallery.framework; sourceTree = BUILT_PRODUCTS_DIR; };
		92B5ED0A9F1839C9D8F9AE84 /* Pods_MovieGalleryTests.framework */ = {isa = PBXFileReference; explicitFileType = wrapper.framework; includeInIndex = 0; path = Pods_MovieGalleryTests.framework; sourceTree = BUILT_PRODUCTS_DIR; };
		98640815C66F362B1C0FFC7A /* Pods_MovieGalleryUITests.framework */ = {isa = PBXFileReference; explicitFileType = wrapper.framework; includeInIndex = 0; path = Pods_MovieGalleryUITests.framework; sourceTree = BUILT_PRODUCTS_DIR; };
		D57B54594AA5C131BD829254 /* Pods-MovieGallery.debug.xcconfig */ = {isa = PBXFileReference; includeInIndex = 1; lastKnownFileType = text.xcconfig; name = "Pods-MovieGallery.debug.xcconfig"; path = "Pods/Target Support Files/Pods-MovieGallery/Pods-MovieGallery.debug.xcconfig"; sourceTree = "<group>"; };
		DB182739C64F1D188EB47C2B /* Pods-MovieGalleryUITests.debug.xcconfig */ = {isa = PBXFileReference; includeInIndex = 1; lastKnownFileType = text.xcconfig; name = "Pods-MovieGalleryUITests.debug.xcconfig"; path = "Pods/Target Support Files/Pods-MovieGalleryUITests/Pods-MovieGalleryUITests.debug.xcconfig"; sourceTree = "<group>"; };
/* End PBXFileReference section */

/* Begin PBXFrameworksBuildPhase section */
		2E1B1DBD1F88D991005CD60D /* Frameworks */ = {
			isa = PBXFrameworksBuildPhase;
			buildActionMask = 2147483647;
			files = (
				FA05AAE6A6FA4B8087721FBB /* Pods_MovieGallery.framework in Frameworks */,
			);
			runOnlyForDeploymentPostprocessing = 0;
		};
		2E1B1DD11F88D991005CD60D /* Frameworks */ = {
			isa = PBXFrameworksBuildPhase;
			buildActionMask = 2147483647;
			files = (
				0B2C61DCA177354CB7C9FBF5 /* Pods_MovieGalleryTests.framework in Frameworks */,
			);
			runOnlyForDeploymentPostprocessing = 0;
		};
		2E1B1DDC1F88D991005CD60D /* Frameworks */ = {
			isa = PBXFrameworksBuildPhase;
			buildActionMask = 2147483647;
			files = (
				56B1BD6FD27A29336235CCB0 /* Pods_MovieGalleryUITests.framework in Frameworks */,
			);
			runOnlyForDeploymentPostprocessing = 0;
		};
/* End PBXFrameworksBuildPhase section */

/* Begin PBXGroup section */
		2DED9B766F5180AC25B0272F /* Frameworks */ = {
			isa = PBXGroup;
			children = (
				7AD4A46977F3209B57835DD0 /* Pods_MovieGallery.framework */,
				92B5ED0A9F1839C9D8F9AE84 /* Pods_MovieGalleryTests.framework */,
				98640815C66F362B1C0FFC7A /* Pods_MovieGalleryUITests.framework */,
			);
			name = Frameworks;
			sourceTree = "<group>";
		};
		2E1B1DB71F88D991005CD60D = {
			isa = PBXGroup;
			children = (
				2E1B1DC21F88D991005CD60D /* MovieGallery */,
				2E1B1DD71F88D991005CD60D /* MovieGalleryTests */,
				2E1B1DE21F88D991005CD60D /* MovieGalleryUITests */,
				2E1B1DC11F88D991005CD60D /* Products */,
				5B62F8E57D31735B5CF95E61 /* Pods */,
				2DED9B766F5180AC25B0272F /* Frameworks */,
			);
			sourceTree = "<group>";
		};
		2E1B1DC11F88D991005CD60D /* Products */ = {
			isa = PBXGroup;
			children = (
				2E1B1DC01F88D991005CD60D /* MovieGallery.app */,
				2E1B1DD41F88D991005CD60D /* MovieGalleryTests.xctest */,
				2E1B1DDF1F88D991005CD60D /* MovieGalleryUITests.xctest */,
			);
			name = Products;
			sourceTree = "<group>";
		};
		2E1B1DC21F88D991005CD60D /* MovieGallery */ = {
			isa = PBXGroup;
			children = (
				2EACB0831F88E10E00CDA32A /* AppDelegate.swift */,
				2EACB07D1F88E10400CDA32A /* Classes */,
				2E1B1DC71F88D991005CD60D /* Main.storyboard */,
				2E1B1DCA1F88D991005CD60D /* Assets.xcassets */,
				2E1B1DCC1F88D991005CD60D /* LaunchScreen.storyboard */,
				2E1B1DCF1F88D991005CD60D /* Info.plist */,
			);
			path = MovieGallery;
			sourceTree = "<group>";
		};
		2E1B1DD71F88D991005CD60D /* MovieGalleryTests */ = {
			isa = PBXGroup;
			children = (
				2E1B1DD81F88D991005CD60D /* MovieGalleryTests.swift */,
				2E1B1DDA1F88D991005CD60D /* Info.plist */,
			);
			path = MovieGalleryTests;
			sourceTree = "<group>";
		};
		2E1B1DE21F88D991005CD60D /* MovieGalleryUITests */ = {
			isa = PBXGroup;
			children = (
				2E1B1DE31F88D991005CD60D /* MovieGalleryUITests.swift */,
				2E1B1DE51F88D991005CD60D /* Info.plist */,
			);
			path = MovieGalleryUITests;
			sourceTree = "<group>";
		};
		2EACB07D1F88E10400CDA32A /* Classes */ = {
			isa = PBXGroup;
			children = (
				2EACB07E1F88E10400CDA32A /* Model */,
				2EACB07F1F88E10400CDA32A /* View */,
				2EACB0801F88E10400CDA32A /* ViewController */,
			);
			path = Classes;
			sourceTree = "<group>";
		};
		2EACB07E1F88E10400CDA32A /* Model */ = {
			isa = PBXGroup;
			children = (
			);
			path = Model;
			sourceTree = "<group>";
		};
		2EACB07F1F88E10400CDA32A /* View */ = {
			isa = PBXGroup;
			children = (
			);
			path = View;
			sourceTree = "<group>";
		};
		2EACB0801F88E10400CDA32A /* ViewController */ = {
			isa = PBXGroup;
			children = (
				2EACB0811F88E10400CDA32A /* MovieListViewController.swift */,
			);
			path = ViewController;
			sourceTree = "<group>";
		};
		5B62F8E57D31735B5CF95E61 /* Pods */ = {
			isa = PBXGroup;
			children = (
				D57B54594AA5C131BD829254 /* Pods-MovieGallery.debug.xcconfig */,
				0E9EA89C08BAA0AC877D51ED /* Pods-MovieGallery.release.xcconfig */,
				5E3FD6F45169B681278F12B6 /* Pods-MovieGalleryTests.debug.xcconfig */,
				54B7A98AD484B35EB922D99F /* Pods-MovieGalleryTests.release.xcconfig */,
				DB182739C64F1D188EB47C2B /* Pods-MovieGalleryUITests.debug.xcconfig */,
				0CD3C08117ED0131A203189C /* Pods-MovieGalleryUITests.release.xcconfig */,
			);
			name = Pods;
			sourceTree = "<group>";
		};
/* End PBXGroup section */

/* Begin PBXNativeTarget section */
		2E1B1DBF1F88D991005CD60D /* MovieGallery */ = {
			isa = PBXNativeTarget;
			buildConfigurationList = 2E1B1DE81F88D991005CD60D /* Build configuration list for PBXNativeTarget "MovieGallery" */;
			buildPhases = (
				32F9775E812411E4D652C3A6 /* [CP] Check Pods Manifest.lock */,
				2E1B1DBC1F88D991005CD60D /* Sources */,
				2E1B1DBD1F88D991005CD60D /* Frameworks */,
				2E1B1DBE1F88D991005CD60D /* Resources */,
				D3878A221D6079FB63114909 /* [CP] Embed Pods Frameworks */,
				878EB283732CB8960BA819CA /* [CP] Copy Pods Resources */,
			);
			buildRules = (
			);
			dependencies = (
			);
			name = MovieGallery;
			productName = MovieGallery;
			productReference = 2E1B1DC01F88D991005CD60D /* MovieGallery.app */;
			productType = "com.apple.product-type.application";
		};
		2E1B1DD31F88D991005CD60D /* MovieGalleryTests */ = {
			isa = PBXNativeTarget;
			buildConfigurationList = 2E1B1DEB1F88D991005CD60D /* Build configuration list for PBXNativeTarget "MovieGalleryTests" */;
			buildPhases = (
				3957947EBA2A9E6055EC294E /* [CP] Check Pods Manifest.lock */,
				2E1B1DD01F88D991005CD60D /* Sources */,
				2E1B1DD11F88D991005CD60D /* Frameworks */,
				2E1B1DD21F88D991005CD60D /* Resources */,
				C13ED71333E3847FADDE7CF5 /* [CP] Embed Pods Frameworks */,
				135E677DC5A96353FF185CC0 /* [CP] Copy Pods Resources */,
			);
			buildRules = (
			);
			dependencies = (
				2E1B1DD61F88D991005CD60D /* PBXTargetDependency */,
			);
			name = MovieGalleryTests;
			productName = MovieGalleryTests;
			productReference = 2E1B1DD41F88D991005CD60D /* MovieGalleryTests.xctest */;
			productType = "com.apple.product-type.bundle.unit-test";
		};
		2E1B1DDE1F88D991005CD60D /* MovieGalleryUITests */ = {
			isa = PBXNativeTarget;
			buildConfigurationList = 2E1B1DEE1F88D991005CD60D /* Build configuration list for PBXNativeTarget "MovieGalleryUITests" */;
			buildPhases = (
				54E1F6076FC3DF6FD0E61B3A /* [CP] Check Pods Manifest.lock */,
				2E1B1DDB1F88D991005CD60D /* Sources */,
				2E1B1DDC1F88D991005CD60D /* Frameworks */,
				2E1B1DDD1F88D991005CD60D /* Resources */,
				66779F48DD213F49E048A3A8 /* [CP] Embed Pods Frameworks */,
				0BD00F7C887A98F7FF39A118 /* [CP] Copy Pods Resources */,
			);
			buildRules = (
			);
			dependencies = (
				2E1B1DE11F88D991005CD60D /* PBXTargetDependency */,
			);
			name = MovieGalleryUITests;
			productName = MovieGalleryUITests;
			productReference = 2E1B1DDF1F88D991005CD60D /* MovieGalleryUITests.xctest */;
			productType = "com.apple.product-type.bundle.ui-testing";
		};
/* End PBXNativeTarget section */

/* Begin PBXProject section */
		2E1B1DB81F88D991005CD60D /* Project object */ = {
			isa = PBXProject;
			attributes = {
				LastSwiftUpdateCheck = 0830;
				LastUpgradeCheck = 0830;
				ORGANIZATIONNAME = "Rendy Hananta";
				TargetAttributes = {
					2E1B1DBF1F88D991005CD60D = {
						CreatedOnToolsVersion = 8.3.3;
						ProvisioningStyle = Automatic;
					};
					2E1B1DD31F88D991005CD60D = {
						CreatedOnToolsVersion = 8.3.3;
						ProvisioningStyle = Automatic;
						TestTargetID = 2E1B1DBF1F88D991005CD60D;
					};
					2E1B1DDE1F88D991005CD60D = {
						CreatedOnToolsVersion = 8.3.3;
						ProvisioningStyle = Automatic;
						TestTargetID = 2E1B1DBF1F88D991005CD60D;
					};
				};
			};
			buildConfigurationList = 2E1B1DBB1F88D991005CD60D /* Build configuration list for PBXProject "MovieGallery" */;
			compatibilityVersion = "Xcode 3.2";
			developmentRegion = English;
			hasScannedForEncodings = 0;
			knownRegions = (
				en,
				Base,
			);
			mainGroup = 2E1B1DB71F88D991005CD60D;
			productRefGroup = 2E1B1DC11F88D991005CD60D /* Products */;
			projectDirPath = "";
			projectRoot = "";
			targets = (
				2E1B1DBF1F88D991005CD60D /* MovieGallery */,
				2E1B1DD31F88D991005CD60D /* MovieGalleryTests */,
				2E1B1DDE1F88D991005CD60D /* MovieGalleryUITests */,
			);
		};
/* End PBXProject section */

/* Begin PBXResourcesBuildPhase section */
		2E1B1DBE1F88D991005CD60D /* Resources */ = {
			isa = PBXResourcesBuildPhase;
			buildActionMask = 2147483647;
			files = (
				2E1B1DCE1F88D991005CD60D /* LaunchScreen.storyboard in Resources */,
				2E1B1DCB1F88D991005CD60D /* Assets.xcassets in Resources */,
				2E1B1DC91F88D991005CD60D /* Main.storyboard in Resources */,
			);
			runOnlyForDeploymentPostprocessing = 0;
		};
		2E1B1DD21F88D991005CD60D /* Resources */ = {
			isa = PBXResourcesBuildPhase;
			buildActionMask = 2147483647;
			files = (
			);
			runOnlyForDeploymentPostprocessing = 0;
		};
		2E1B1DDD1F88D991005CD60D /* Resources */ = {
			isa = PBXResourcesBuildPhase;
			buildActionMask = 2147483647;
			files = (
			);
			runOnlyForDeploymentPostprocessing = 0;
		};
/* End PBXResourcesBuildPhase section */

/* Begin PBXShellScriptBuildPhase section */
		0BD00F7C887A98F7FF39A118 /* [CP] Copy Pods Resources */ = {
			isa = PBXShellScriptBuildPhase;
			buildActionMask = 2147483647;
			files = (
			);
			inputPaths = (
			);
			name = "[CP] Copy Pods Resources";
			outputPaths = (
			);
			runOnlyForDeploymentPostprocessing = 0;
			shellPath = /bin/sh;
			shellScript = "\"${SRCROOT}/Pods/Target Support Files/Pods-MovieGalleryUITests/Pods-MovieGalleryUITests-resources.sh\"\n";
			showEnvVarsInLog = 0;
		};
		135E677DC5A96353FF185CC0 /* [CP] Copy Pods Resources */ = {
			isa = PBXShellScriptBuildPhase;
			buildActionMask = 2147483647;
			files = (
			);
			inputPaths = (
			);
			name = "[CP] Copy Pods Resources";
			outputPaths = (
			);
			runOnlyForDeploymentPostprocessing = 0;
			shellPath = /bin/sh;
			shellScript = "\"${SRCROOT}/Pods/Target Support Files/Pods-MovieGalleryTests/Pods-MovieGalleryTests-resources.sh\"\n";
			showEnvVarsInLog = 0;
		};
		32F9775E812411E4D652C3A6 /* [CP] Check Pods Manifest.lock */ = {
			isa = PBXShellScriptBuildPhase;
			buildActionMask = 2147483647;
			files = (
			);
			inputPaths = (
				"${PODS_PODFILE_DIR_PATH}/Podfile.lock",
				"${PODS_ROOT}/Manifest.lock",
			);
			name = "[CP] Check Pods Manifest.lock";
			outputPaths = (
				"$(DERIVED_FILE_DIR)/Pods-MovieGallery-checkManifestLockResult.txt",
			);
			runOnlyForDeploymentPostprocessing = 0;
			shellPath = /bin/sh;
			shellScript = "diff \"${PODS_PODFILE_DIR_PATH}/Podfile.lock\" \"${PODS_ROOT}/Manifest.lock\" > /dev/null\nif [ $? != 0 ] ; then\n    # print error to STDERR\n    echo \"error: The sandbox is not in sync with the Podfile.lock. Run 'pod install' or update your CocoaPods installation.\" >&2\n    exit 1\nfi\n# This output is used by Xcode 'outputs' to avoid re-running this script phase.\necho \"SUCCESS\" > \"${SCRIPT_OUTPUT_FILE_0}\"\n";
			showEnvVarsInLog = 0;
		};
		3957947EBA2A9E6055EC294E /* [CP] Check Pods Manifest.lock */ = {
			isa = PBXShellScriptBuildPhase;
			buildActionMask = 2147483647;
			files = (
			);
			inputPaths = (
				"${PODS_PODFILE_DIR_PATH}/Podfile.lock",
				"${PODS_ROOT}/Manifest.lock",
			);
			name = "[CP] Check Pods Manifest.lock";
			outputPaths = (
				"$(DERIVED_FILE_DIR)/Pods-MovieGalleryTests-checkManifestLockResult.txt",
			);
			runOnlyForDeploymentPostprocessing = 0;
			shellPath = /bin/sh;
			shellScript = "diff \"${PODS_PODFILE_DIR_PATH}/Podfile.lock\" \"${PODS_ROOT}/Manifest.lock\" > /dev/null\nif [ $? != 0 ] ; then\n    # print error to STDERR\n    echo \"error: The sandbox is not in sync with the Podfile.lock. Run 'pod install' or update your CocoaPods installation.\" >&2\n    exit 1\nfi\n# This output is used by Xcode 'outputs' to avoid re-running this script phase.\necho \"SUCCESS\" > \"${SCRIPT_OUTPUT_FILE_0}\"\n";
			showEnvVarsInLog = 0;
		};
		54E1F6076FC3DF6FD0E61B3A /* [CP] Check Pods Manifest.lock */ = {
			isa = PBXShellScriptBuildPhase;
			buildActionMask = 2147483647;
			files = (
			);
			inputPaths = (
				"${PODS_PODFILE_DIR_PATH}/Podfile.lock",
				"${PODS_ROOT}/Manifest.lock",
			);
			name = "[CP] Check Pods Manifest.lock";
			outputPaths = (
				"$(DERIVED_FILE_DIR)/Pods-MovieGalleryUITests-checkManifestLockResult.txt",
			);
			runOnlyForDeploymentPostprocessing = 0;
			shellPath = /bin/sh;
			shellScript = "diff \"${PODS_PODFILE_DIR_PATH}/Podfile.lock\" \"${PODS_ROOT}/Manifest.lock\" > /dev/null\nif [ $? != 0 ] ; then\n    # print error to STDERR\n    echo \"error: The sandbox is not in sync with the Podfile.lock. Run 'pod install' or update your CocoaPods installation.\" >&2\n    exit 1\nfi\n# This output is used by Xcode 'outputs' to avoid re-running this script phase.\necho \"SUCCESS\" > \"${SCRIPT_OUTPUT_FILE_0}\"\n";
			showEnvVarsInLog = 0;
		};
		66779F48DD213F49E048A3A8 /* [CP] Embed Pods Frameworks */ = {
			isa = PBXShellScriptBuildPhase;
			buildActionMask = 2147483647;
			files = (
			);
			inputPaths = (
			);
			name = "[CP] Embed Pods Frameworks";
			outputPaths = (
			);
			runOnlyForDeploymentPostprocessing = 0;
			shellPath = /bin/sh;
			shellScript = "\"${SRCROOT}/Pods/Target Support Files/Pods-MovieGalleryUITests/Pods-MovieGalleryUITests-frameworks.sh\"\n";
			showEnvVarsInLog = 0;
		};
		878EB283732CB8960BA819CA /* [CP] Copy Pods Resources */ = {
			isa = PBXShellScriptBuildPhase;
			buildActionMask = 2147483647;
			files = (
			);
			inputPaths = (
			);
			name = "[CP] Copy Pods Resources";
			outputPaths = (
			);
			runOnlyForDeploymentPostprocessing = 0;
			shellPath = /bin/sh;
			shellScript = "\"${SRCROOT}/Pods/Target Support Files/Pods-MovieGallery/Pods-MovieGallery-resources.sh\"\n";
			showEnvVarsInLog = 0;
		};
		C13ED71333E3847FADDE7CF5 /* [CP] Embed Pods Frameworks */ = {
			isa = PBXShellScriptBuildPhase;
			buildActionMask = 2147483647;
			files = (
			);
			inputPaths = (
			);
			name = "[CP] Embed Pods Frameworks";
			outputPaths = (
			);
			runOnlyForDeploymentPostprocessing = 0;
			shellPath = /bin/sh;
			shellScript = "\"${SRCROOT}/Pods/Target Support Files/Pods-MovieGalleryTests/Pods-MovieGalleryTests-frameworks.sh\"\n";
			showEnvVarsInLog = 0;
		};
		D3878A221D6079FB63114909 /* [CP] Embed Pods Frameworks */ = {
			isa = PBXShellScriptBuildPhase;
			buildActionMask = 2147483647;
			files = (
			);
			inputPaths = (
				"${SRCROOT}/Pods/Target Support Files/Pods-MovieGallery/Pods-MovieGallery-frameworks.sh",
				"${BUILT_PRODUCTS_DIR}/Alamofire/Alamofire.framework",
				"${BUILT_PRODUCTS_DIR}/UIScrollView-InfiniteScroll/UIScrollView_InfiniteScroll.framework",
			);
			name = "[CP] Embed Pods Frameworks";
			outputPaths = (
				"${TARGET_BUILD_DIR}/${FRAMEWORKS_FOLDER_PATH}/Alamofire.framework",
				"${TARGET_BUILD_DIR}/${FRAMEWORKS_FOLDER_PATH}/UIScrollView_InfiniteScroll.framework",
			);
			runOnlyForDeploymentPostprocessing = 0;
			shellPath = /bin/sh;
			shellScript = "\"${SRCROOT}/Pods/Target Support Files/Pods-MovieGallery/Pods-MovieGallery-frameworks.sh\"\n";
			showEnvVarsInLog = 0;
		};
/* End PBXShellScriptBuildPhase section */

/* Begin PBXSourcesBuildPhase section */
		2E1B1DBC1F88D991005CD60D /* Sources */ = {
			isa = PBXSourcesBuildPhase;
			buildActionMask = 2147483647;
			files = (
				2EACB0841F88E10E00CDA32A /* AppDelegate.swift in Sources */,
				2EACB0821F88E10400CDA32A /* MovieListViewController.swift in Sources */,
			);
			runOnlyForDeploymentPostprocessing = 0;
		};
		2E1B1DD01F88D991005CD60D /* Sources */ = {
			isa = PBXSourcesBuildPhase;
			buildActionMask = 2147483647;
			files = (
				2E1B1DD91F88D991005CD60D /* MovieGalleryTests.swift in Sources */,
			);
			runOnlyForDeploymentPostprocessing = 0;
		};
		2E1B1DDB1F88D991005CD60D /* Sources */ = {
			isa = PBXSourcesBuildPhase;
			buildActionMask = 2147483647;
			files = (
				2E1B1DE41F88D991005CD60D /* MovieGalleryUITests.swift in Sources */,
			);
			runOnlyForDeploymentPostprocessing = 0;
		};
/* End PBXSourcesBuildPhase section */

/* Begin PBXTargetDependency section */
		2E1B1DD61F88D991005CD60D /* PBXTargetDependency */ = {
			isa = PBXTargetDependency;
			target = 2E1B1DBF1F88D991005CD60D /* MovieGallery */;
			targetProxy = 2E1B1DD51F88D991005CD60D /* PBXContainerItemProxy */;
		};
		2E1B1DE11F88D991005CD60D /* PBXTargetDependency */ = {
			isa = PBXTargetDependency;
			target = 2E1B1DBF1F88D991005CD60D /* MovieGallery */;
			targetProxy = 2E1B1DE01F88D991005CD60D /* PBXContainerItemProxy */;
		};
/* End PBXTargetDependency section */

/* Begin PBXVariantGroup section */
		2E1B1DC71F88D991005CD60D /* Main.storyboard */ = {
			isa = PBXVariantGroup;
			children = (
				2E1B1DC81F88D991005CD60D /* Base */,
			);
			name = Main.storyboard;
			sourceTree = "<group>";
		};
		2E1B1DCC1F88D991005CD60D /* LaunchScreen.storyboard */ = {
			isa = PBXVariantGroup;
			children = (
				2E1B1DCD1F88D991005CD60D /* Base */,
			);
			name = LaunchScreen.storyboard;
			sourceTree = "<group>";
		};
/* End PBXVariantGroup section */

/* Begin XCBuildConfiguration section */
		2E1B1DE61F88D991005CD60D /* Debug */ = {
			isa = XCBuildConfiguration;
			buildSettings = {
				ALWAYS_SEARCH_USER_PATHS = NO;
				CLANG_ANALYZER_NONNULL = YES;
				CLANG_ANALYZER_NUMBER_OBJECT_CONVERSION = YES_AGGRESSIVE;
				CLANG_CXX_LANGUAGE_STANDARD = "gnu++0x";
				CLANG_CXX_LIBRARY = "libc++";
				CLANG_ENABLE_MODULES = YES;
				CLANG_ENABLE_OBJC_ARC = YES;
				CLANG_WARN_BOOL_CONVERSION = YES;
				CLANG_WARN_CONSTANT_CONVERSION = YES;
				CLANG_WARN_DIRECT_OBJC_ISA_USAGE = YES_ERROR;
				CLANG_WARN_DOCUMENTATION_COMMENTS = YES;
				CLANG_WARN_EMPTY_BODY = YES;
				CLANG_WARN_ENUM_CONVERSION = YES;
				CLANG_WARN_INFINITE_RECURSION = YES;
				CLANG_WARN_INT_CONVERSION = YES;
				CLANG_WARN_OBJC_ROOT_CLASS = YES_ERROR;
				CLANG_WARN_SUSPICIOUS_MOVE = YES;
				CLANG_WARN_UNREACHABLE_CODE = YES;
				CLANG_WARN__DUPLICATE_METHOD_MATCH = YES;
				"CODE_SIGN_IDENTITY[sdk=iphoneos*]" = "iPhone Developer";
				COPY_PHASE_STRIP = NO;
				DEBUG_INFORMATION_FORMAT = dwarf;
				ENABLE_STRICT_OBJC_MSGSEND = YES;
				ENABLE_TESTABILITY = YES;
				GCC_C_LANGUAGE_STANDARD = gnu99;
				GCC_DYNAMIC_NO_PIC = NO;
				GCC_NO_COMMON_BLOCKS = YES;
				GCC_OPTIMIZATION_LEVEL = 0;
				GCC_PREPROCESSOR_DEFINITIONS = (
					"DEBUG=1",
					"$(inherited)",
				);
				GCC_WARN_64_TO_32_BIT_CONVERSION = YES;
				GCC_WARN_ABOUT_RETURN_TYPE = YES_ERROR;
				GCC_WARN_UNDECLARED_SELECTOR = YES;
				GCC_WARN_UNINITIALIZED_AUTOS = YES_AGGRESSIVE;
				GCC_WARN_UNUSED_FUNCTION = YES;
				GCC_WARN_UNUSED_VARIABLE = YES;
				IPHONEOS_DEPLOYMENT_TARGET = 9.1;
				MTL_ENABLE_DEBUG_INFO = YES;
				ONLY_ACTIVE_ARCH = YES;
				SDKROOT = iphoneos;
				SWIFT_ACTIVE_COMPILATION_CONDITIONS = DEBUG;
				SWIFT_OPTIMIZATION_LEVEL = "-Onone";
			};
			name = Debug;
		};
		2E1B1DE71F88D991005CD60D /* Release */ = {
			isa = XCBuildConfiguration;
			buildSettings = {
				ALWAYS_SEARCH_USER_PATHS = NO;
				CLANG_ANALYZER_NONNULL = YES;
				CLANG_ANALYZER_NUMBER_OBJECT_CONVERSION = YES_AGGRESSIVE;
				CLANG_CXX_LANGUAGE_STANDARD = "gnu++0x";
				CLANG_CXX_LIBRARY = "libc++";
				CLANG_ENABLE_MODULES = YES;
				CLANG_ENABLE_OBJC_ARC = YES;
				CLANG_WARN_BOOL_CONVERSION = YES;
				CLANG_WARN_CONSTANT_CONVERSION = YES;
				CLANG_WARN_DIRECT_OBJC_ISA_USAGE = YES_ERROR;
				CLANG_WARN_DOCUMENTATION_COMMENTS = YES;
				CLANG_WARN_EMPTY_BODY = YES;
				CLANG_WARN_ENUM_CONVERSION = YES;
				CLANG_WARN_INFINITE_RECURSION = YES;
				CLANG_WARN_INT_CONVERSION = YES;
				CLANG_WARN_OBJC_ROOT_CLASS = YES_ERROR;
				CLANG_WARN_SUSPICIOUS_MOVE = YES;
				CLANG_WARN_UNREACHABLE_CODE = YES;
				CLANG_WARN__DUPLICATE_METHOD_MATCH = YES;
				"CODE_SIGN_IDENTITY[sdk=iphoneos*]" = "iPhone Developer";
				COPY_PHASE_STRIP = NO;
				DEBUG_INFORMATION_FORMAT = "dwarf-with-dsym";
				ENABLE_NS_ASSERTIONS = NO;
				ENABLE_STRICT_OBJC_MSGSEND = YES;
				GCC_C_LANGUAGE_STANDARD = gnu99;
				GCC_NO_COMMON_BLOCKS = YES;
				GCC_WARN_64_TO_32_BIT_CONVERSION = YES;
				GCC_WARN_ABOUT_RETURN_TYPE = YES_ERROR;
				GCC_WARN_UNDECLARED_SELECTOR = YES;
				GCC_WARN_UNINITIALIZED_AUTOS = YES_AGGRESSIVE;
				GCC_WARN_UNUSED_FUNCTION = YES;
				GCC_WARN_UNUSED_VARIABLE = YES;
				IPHONEOS_DEPLOYMENT_TARGET = 9.1;
				MTL_ENABLE_DEBUG_INFO = NO;
				SDKROOT = iphoneos;
				SWIFT_OPTIMIZATION_LEVEL = "-Owholemodule";
				VALIDATE_PRODUCT = YES;
			};
			name = Release;
		};
		2E1B1DE91F88D991005CD60D /* Debug */ = {
			isa = XCBuildConfiguration;
			baseConfigurationReference = D57B54594AA5C131BD829254 /* Pods-MovieGallery.debug.xcconfig */;
			buildSettings = {
				ASSETCATALOG_COMPILER_APPICON_NAME = AppIcon;
				INFOPLIST_FILE = MovieGallery/Info.plist;
				LD_RUNPATH_SEARCH_PATHS = "$(inherited) @executable_path/Frameworks";
				PRODUCT_BUNDLE_IDENTIFIER = rendy.MovieGallery;
				PRODUCT_NAME = "$(TARGET_NAME)";
				SWIFT_VERSION = 3.0;
			};
			name = Debug;
		};
		2E1B1DEA1F88D991005CD60D /* Release */ = {
			isa = XCBuildConfiguration;
			baseConfigurationReference = 0E9EA89C08BAA0AC877D51ED /* Pods-MovieGallery.release.xcconfig */;
			buildSettings = {
				ASSETCATALOG_COMPILER_APPICON_NAME = AppIcon;
				INFOPLIST_FILE = MovieGallery/Info.plist;
				LD_RUNPATH_SEARCH_PATHS = "$(inherited) @executable_path/Frameworks";
				PRODUCT_BUNDLE_IDENTIFIER = rendy.MovieGallery;
				PRODUCT_NAME = "$(TARGET_NAME)";
				SWIFT_VERSION = 3.0;
			};
			name = Release;
		};
		2E1B1DEC1F88D991005CD60D /* Debug */ = {
			isa = XCBuildConfiguration;
			baseConfigurationReference = 5E3FD6F45169B681278F12B6 /* Pods-MovieGalleryTests.debug.xcconfig */;
			buildSettings = {
				ALWAYS_EMBED_SWIFT_STANDARD_LIBRARIES = YES;
				BUNDLE_LOADER = "$(TEST_HOST)";
				INFOPLIST_FILE = MovieGalleryTests/Info.plist;
				LD_RUNPATH_SEARCH_PATHS = "$(inherited) @executable_path/Frameworks @loader_path/Frameworks";
				PRODUCT_BUNDLE_IDENTIFIER = rendy.MovieGalleryTests;
				PRODUCT_NAME = "$(TARGET_NAME)";
				SWIFT_VERSION = 3.0;
				TEST_HOST = "$(BUILT_PRODUCTS_DIR)/MovieGallery.app/MovieGallery";
			};
			name = Debug;
		};
		2E1B1DED1F88D991005CD60D /* Release */ = {
			isa = XCBuildConfiguration;
			baseConfigurationReference = 54B7A98AD484B35EB922D99F /* Pods-MovieGalleryTests.release.xcconfig */;
			buildSettings = {
				ALWAYS_EMBED_SWIFT_STANDARD_LIBRARIES = YES;
				BUNDLE_LOADER = "$(TEST_HOST)";
				INFOPLIST_FILE = MovieGalleryTests/Info.plist;
				LD_RUNPATH_SEARCH_PATHS = "$(inherited) @executable_path/Frameworks @loader_path/Frameworks";
				PRODUCT_BUNDLE_IDENTIFIER = rendy.MovieGalleryTests;
				PRODUCT_NAME = "$(TARGET_NAME)";
				SWIFT_VERSION = 3.0;
				TEST_HOST = "$(BUILT_PRODUCTS_DIR)/MovieGallery.app/MovieGallery";
			};
			name = Release;
		};
		2E1B1DEF1F88D991005CD60D /* Debug */ = {
			isa = XCBuildConfiguration;
			baseConfigurationReference = DB182739C64F1D188EB47C2B /* Pods-MovieGalleryUITests.debug.xcconfig */;
			buildSettings = {
				ALWAYS_EMBED_SWIFT_STANDARD_LIBRARIES = YES;
				INFOPLIST_FILE = MovieGalleryUITests/Info.plist;
				LD_RUNPATH_SEARCH_PATHS = "$(inherited) @executable_path/Frameworks @loader_path/Frameworks";
				PRODUCT_BUNDLE_IDENTIFIER = rendy.MovieGalleryUITests;
				PRODUCT_NAME = "$(TARGET_NAME)";
				SWIFT_VERSION = 3.0;
				TEST_TARGET_NAME = MovieGallery;
			};
			name = Debug;
		};
		2E1B1DF01F88D991005CD60D /* Release */ = {
			isa = XCBuildConfiguration;
			baseConfigurationReference = 0CD3C08117ED0131A203189C /* Pods-MovieGalleryUITests.release.xcconfig */;
			buildSettings = {
				ALWAYS_EMBED_SWIFT_STANDARD_LIBRARIES = YES;
				INFOPLIST_FILE = MovieGalleryUITests/Info.plist;
				LD_RUNPATH_SEARCH_PATHS = "$(inherited) @executable_path/Frameworks @loader_path/Frameworks";
				PRODUCT_BUNDLE_IDENTIFIER = rendy.MovieGalleryUITests;
				PRODUCT_NAME = "$(TARGET_NAME)";
				SWIFT_VERSION = 3.0;
				TEST_TARGET_NAME = MovieGallery;
			};
			name = Release;
		};
/* End XCBuildConfiguration section */

/* Begin XCConfigurationList section */
		2E1B1DBB1F88D991005CD60D /* Build configuration list for PBXProject "MovieGallery" */ = {
			isa = XCConfigurationList;
			buildConfigurations = (
				2E1B1DE61F88D991005CD60D /* Debug */,
				2E1B1DE71F88D991005CD60D /* Release */,
			);
			defaultConfigurationIsVisible = 0;
			defaultConfigurationName = Release;
		};
		2E1B1DE81F88D991005CD60D /* Build configuration list for PBXNativeTarget "MovieGallery" */ = {
			isa = XCConfigurationList;
			buildConfigurations = (
				2E1B1DE91F88D991005CD60D /* Debug */,
				2E1B1DEA1F88D991005CD60D /* Release */,
			);
			defaultConfigurationIsVisible = 0;
			defaultConfigurationName = Release;
		};
		2E1B1DEB1F88D991005CD60D /* Build configuration list for PBXNativeTarget "MovieGalleryTests" */ = {
			isa = XCConfigurationList;
			buildConfigurations = (
				2E1B1DEC1F88D991005CD60D /* Debug */,
				2E1B1DED1F88D991005CD60D /* Release */,
			);
			defaultConfigurationIsVisible = 0;
			defaultConfigurationName = Release;
		};
		2E1B1DEE1F88D991005CD60D /* Build configuration list for PBXNativeTarget "MovieGalleryUITests" */ = {
			isa = XCConfigurationList;
			buildConfigurations = (
				2E1B1DEF1F88D991005CD60D /* Debug */,
				2E1B1DF01F88D991005CD60D /* Release */,
			);
			defaultConfigurationIsVisible = 0;
			defaultConfigurationName = Release;
		};
/* End XCConfigurationList section */
	};
	rootObject = 2E1B1DB81F88D991005CD60D /* Project object */;
}
